{
	"name": "vue-winwheel-local",
	"version": "1.0.0",
	"lockfileVersion": 1,
	"requires": true,
	"dependencies": {
		"gsap": {
			"version": "2.1.3",
			"resolved": "https://registry.npmjs.org/gsap/-/gsap-2.1.3.tgz",
			"integrity": "sha512-8RFASCqi2FOCBuv7X4o7M6bLdy+1hbR0azg+MG7zz+EVsI+OmJblYsTk0GEepQd2Jg/ItMPiVTibF7r3EVxjZQ=="
		},
		"vue-winwheel": {
			"version": "0.1.3",
			"resolved": "https://registry.npmjs.org/vue-winwheel/-/vue-winwheel-0.1.3.tgz",
			"integrity": "sha512-GRgAUrmneEfT7Kk+q2LBBZGuHss43fr8Bewgr9fTp/9s1gEsXJNxrSsGPTg1QMaAhGQeWM/9eq/HD+/hG6Pgwg==",
			"requires": {
				"gsap": "^2.0.2"
			}
		}
	}
}
